// !$*UTF8*$!
{
	archiveVersion = 1;
	classes = {
	};
	objectVersion = 50;
	objects = {

/* Begin PBXBuildFile section */
		CE89ABF7285BC67100F68C37 /* AppDelegate.swift in Sources */ = {isa = PBXBuildFile; fileRef = CE89ABF6285BC67100F68C37 /* AppDelegate.swift */; };
		CE89ABF9285BC67100F68C37 /* SceneDelegate.swift in Sources */ = {isa = PBXBuildFile; fileRef = CE89ABF8285BC67100F68C37 /* SceneDelegate.swift */; };
		CE89ABFB285BC67100F68C37 /* ViewController.swift in Sources */ = {isa = PBXBuildFile; fileRef = CE89ABFA285BC67100F68C37 /* ViewController.swift */; };
		CE89ABFE285BC67100F68C37 /* Main.storyboard in Resources */ = {isa = PBXBuildFile; fileRef = CE89ABFC285BC67100F68C37 /* Main.storyboard */; };
		CE89AC01285BC67100F68C37 /* _.xcdatamodeld in Sources */ = {isa = PBXBuildFile; fileRef = CE89ABFF285BC67100F68C37 /* _.xcdatamodeld */; };
		CE89AC03285BC67400F68C37 /* Assets.xcassets in Resources */ = {isa = PBXBuildFile; fileRef = CE89AC02285BC67400F68C37 /* Assets.xcassets */; };
		CE89AC06285BC67400F68C37 /* LaunchScreen.storyboard in Resources */ = {isa = PBXBuildFile; fileRef = CE89AC04285BC67400F68C37 /* LaunchScreen.storyboard */; };
		CE89AC0E285BC6D300F68C37 /* Constant.swift in Sources */ = {isa = PBXBuildFile; fileRef = CE89AC0D285BC6D300F68C37 /* Constant.swift */; };
/* End PBXBuildFile section */

/* Begin PBXFileReference section */
		CE89ABF3285BC67100F68C37 /* 1.app */ = {isa = PBXFileReference; explicitFileType = wrapper.application; includeInIndex = 0; path = 1.app; sourceTree = BUILT_PRODUCTS_DIR; };
		CE89ABF6285BC67100F68C37 /* AppDelegate.swift */ = {isa = PBXFileReference; lastKnownFileType = sourcecode.swift; path = AppDelegate.swift; sourceTree = "<group>"; };
		CE89ABF8285BC67100F68C37 /* SceneDelegate.swift */ = {isa = PBXFileReference; lastKnownFileType = sourcecode.swift; path = SceneDelegate.swift; sourceTree = "<group>"; };
		CE89ABFA285BC67100F68C37 /* ViewController.swift */ = {isa = PBXFileReference; lastKnownFileType = sourcecode.swift; path = ViewController.swift; sourceTree = "<group>"; };
		CE89ABFD285BC67100F68C37 /* Base */ = {isa = PBXFileReference; lastKnownFileType = file.storyboard; name = Base; path = Base.lproj/Main.storyboard; sourceTree = "<group>"; };
		CE89AC00285BC67100F68C37 /* _.xcdatamodel */ = {isa = PBXFileReference; lastKnownFileType = wrapper.xcdatamodel; path = _.xcdatamodel; sourceTree = "<group>"; };
		CE89AC02285BC67400F68C37 /* Assets.xcassets */ = {isa = PBXFileReference; lastKnownFileType = folder.assetcatalog; path = Assets.xcassets; sourceTree = "<group>"; };
		CE89AC05285BC67400F68C37 /* Base */ = {isa = PBXFileReference; lastKnownFileType = file.storyboard; name = Base; path = Base.lproj/LaunchScreen.storyboard; sourceTree = "<group>"; };
		CE89AC07285BC67400F68C37 /* Info.plist */ = {isa = PBXFileReference; lastKnownFileType = text.plist.xml; path = Info.plist; sourceTree = "<group>"; };
		CE89AC0D285BC6D300F68C37 /* Constant.swift */ = {isa = PBXFileReference; lastKnownFileType = sourcecode.swift; path = Constant.swift; sourceTree = "<group>"; };
/* End PBXFileReference section */

/* Begin PBXFrameworksBuildPhase section */
		CE89ABF0285BC67100F68C37 /* Frameworks */ = {
			isa = PBXFrameworksBuildPhase;
			buildActionMask = 2147483647;
			files = (
			);
			runOnlyForDeploymentPostprocessing = 0;
		};
/* End PBXFrameworksBuildPhase section */

/* Begin PBXGroup section */
		CE89ABEA285BC67100F68C37 = {
			isa = PBXGroup;
			children = (
				CE89ABF5285BC67100F68C37 /* 1 */,
				CE89ABF4285BC67100F68C37 /* Products */,
			);
			sourceTree = "<group>";
		};
		CE89ABF4285BC67100F68C37 /* Products */ = {
			isa = PBXGroup;
			children = (
				CE89ABF3285BC67100F68C37 /* 1.app */,
			);
			name = Products;
			sourceTree = "<group>";
		};
		CE89ABF5285BC67100F68C37 /* 1 */ = {
			isa = PBXGroup;
			children = (
				CE89ABF6285BC67100F68C37 /* AppDelegate.swift */,
				CE89ABF8285BC67100F68C37 /* SceneDelegate.swift */,
				CE89ABFA285BC67100F68C37 /* ViewController.swift */,
				CE89ABFC285BC67100F68C37 /* Main.storyboard */,
				CE89AC02285BC67400F68C37 /* Assets.xcassets */,
				CE89AC04285BC67400F68C37 /* LaunchScreen.storyboard */,
				CE89AC07285BC67400F68C37 /* Info.plist */,
				CE89ABFF285BC67100F68C37 /* _.xcdatamodeld */,
				CE89AC0D285BC6D300F68C37 /* Constant.swift */,
			);
			path = 1;
			sourceTree = "<group>";
		};
/* End PBXGroup section */

/* Begin PBXNativeTarget section */
		CE89ABF2285BC67100F68C37 /* 1 */ = {
			isa = PBXNativeTarget;
			buildConfigurationList = CE89AC0A285BC67400F68C37 /* Build configuration list for PBXNativeTarget "1" */;
			buildPhases = (
				CE89ABEF285BC67100F68C37 /* Sources */,
				CE89ABF0285BC67100F68C37 /* Frameworks */,
				CE89ABF1285BC67100F68C37 /* Resources */,
			);
			buildRules = (
			);
			dependencies = (
			);
			name = 1;
			productName = 1;
			productReference = CE89ABF3285BC67100F68C37 /* 1.app */;
			productType = "com.apple.product-type.application";
		};
/* End PBXNativeTarget section */

/* Begin PBXProject section */
		CE89ABEB285BC67100F68C37 /* Project object */ = {
			isa = PBXProject;
			attributes = {
				LastSwiftUpdateCheck = 1250;
				LastUpgradeCheck = 1250;
				TargetAttributes = {
					CE89ABF2285BC67100F68C37 = {
						CreatedOnToolsVersion = 12.5.1;
					};
				};
			};
			buildConfigurationList = CE89ABEE285BC67100F68C37 /* Build configuration list for PBXProject "1" */;
			compatibilityVersion = "Xcode 9.3";
			developmentRegion = en;
			hasScannedForEncodings = 0;
			knownRegions = (
				en,
				Base,
			);
			mainGroup = CE89ABEA285BC67100F68C37;
			productRefGroup = CE89ABF4285BC67100F68C37 /* Products */;
			projectDirPath = "";
			projectRoot = "";
			targets = (
				CE89ABF2285BC67100F68C37 /* 1 */,
			);
		};
/* End PBXProject section */

/* Begin PBXResourcesBuildPhase section */
		CE89ABF1285BC67100F68C37 /* Resources */ = {
			isa = PBXResourcesBuildPhase;
			buildActionMask = 2147483647;
			files = (
				CE89AC06285BC67400F68C37 /* LaunchScreen.storyboard in Resources */,
				CE89AC03285BC67400F68C37 /* Assets.xcassets in Resources */,
				CE89ABFE285BC67100F68C37 /* Main.storyboard in Resources */,
			);
			runOnlyForDeploymentPostprocessing = 0;
		};
/* End PBXResourcesBuildPhase section */

/* Begin PBXSourcesBuildPhase section */
		CE89ABEF285BC67100F68C37 /* Sources */ = {
			isa = PBXSourcesBuildPhase;
			buildActionMask = 2147483647;
			files = (
				CE89ABFB285BC67100F68C37 /* ViewController.swift in Sources */,
				CE89AC01285BC67100F68C37 /* _.xcdatamodeld in Sources */,
				CE89AC0E285BC6D300F68C37 /* Constant.swift in Sources */,
				CE89ABF7285BC67100F68C37 /* AppDelegate.swift in Sources */,
				CE89ABF9285BC67100F68C37 /* SceneDelegate.swift in Sources */,
			);
			runOnlyForDeploymentPostprocessing = 0;
		};
/* End PBXSourcesBuildPhase section */

/* Begin PBXVariantGroup section */
		CE89ABFC285BC67100F68C37 /* Main.storyboard */ = {
			isa = PBXVariantGroup;
			children = (
				CE89ABFD285BC67100F68C37 /* Base */,
			);
			name = Main.storyboard;
			sourceTree = "<group>";
		};
		CE89AC04285BC67400F68C37 /* LaunchScreen.storyboard */ = {
			isa = PBXVariantGroup;
			children = (
				CE89AC05285BC67400F68C37 /* Base */,
			);
			name = LaunchScreen.storyboard;
			sourceTree = "<group>";
		};
/* End PBXVariantGroup section */

/* Begin XCBuildConfiguration section */
		CE89AC08285BC67400F68C37 /* Debug */ = {
			isa = XCBuildConfiguration;
			buildSettings = {
				ALWAYS_SEARCH_USER_PATHS = NO;
				CLANG_ANALYZER_NONNULL = YES;
				CLANG_ANALYZER_NUMBER_OBJECT_CONVERSION = YES_AGGRESSIVE;
				CLANG_CXX_LANGUAGE_STANDARD = "gnu++14";
				CLANG_CXX_LIBRARY = "libc++";
				CLANG_ENABLE_MODULES = YES;
				CLANG_ENABLE_OBJC_ARC = YES;
				CLANG_ENABLE_OBJC_WEAK = YES;
				CLANG_WARN_BLOCK_CAPTURE_AUTORELEASING = YES;
				CLANG_WARN_BOOL_CONVERSION = YES;
				CLANG_WARN_COMMA = YES;
				CLANG_WARN_CONSTANT_CONVERSION = YES;
				CLANG_WARN_DEPRECATED_OBJC_IMPLEMENTATIONS = YES;
				CLANG_WARN_DIRECT_OBJC_ISA_USAGE = YES_ERROR;
				CLANG_WARN_DOCUMENTATION_COMMENTS = YES;
				CLANG_WARN_EMPTY_BODY = YES;
				CLANG_WARN_ENUM_CONVERSION = YES;
				CLANG_WARN_INFINITE_RECURSION = YES;
				CLANG_WARN_INT_CONVERSION = YES;
				CLANG_WARN_NON_LITERAL_NULL_CONVERSION = YES;
				CLANG_WARN_OBJC_IMPLICIT_RETAIN_SELF = YES;
				CLANG_WARN_OBJC_LITERAL_CONVERSION = YES;
				CLANG_WARN_OBJC_ROOT_CLASS = YES_ERROR;
				CLANG_WARN_QUOTED_INCLUDE_IN_FRAMEWORK_HEADER = YES;
				CLANG_WARN_RANGE_LOOP_ANALYSIS = YES;
				CLANG_WARN_STRICT_PROTOTYPES = YES;
				CLANG_WARN_SUSPICIOUS_MOVE = YES;
				CLANG_WARN_UNGUARDED_AVAILABILITY = YES_AGGRESSIVE;
				CLANG_WARN_UNREACHABLE_CODE = YES;
				CLANG_WARN__DUPLICATE_METHOD_MATCH = YES;
				COPY_PHASE_STRIP = NO;
				DEBUG_INFORMATION_FORMAT = dwarf;
				ENABLE_STRICT_OBJC_MSGSEND = YES;
				ENABLE_TESTABILITY = YES;
				GCC_C_LANGUAGE_STANDARD = gnu11;
				GCC_DYNAMIC_NO_PIC = NO;
				GCC_NO_COMMON_BLOCKS = YES;
				GCC_OPTIMIZATION_LEVEL = 0;
				GCC_PREPROCESSOR_DEFINITIONS = (
					"DEBUG=1",
					"$(inherited)",
				);
				GCC_WARN_64_TO_32_BIT_CONVERSION = YES;
				GCC_WARN_ABOUT_RETURN_TYPE = YES_ERROR;
				GCC_WARN_UNDECLARED_SELECTOR = YES;
				GCC_WARN_UNINITIALIZED_AUTOS = YES_AGGRESSIVE;
				GCC_WARN_UNUSED_FUNCTION = YES;
				GCC_WARN_UNUSED_VARIABLE = YES;
				IPHONEOS_DEPLOYMENT_TARGET = 14.5;
				MTL_ENABLE_DEBUG_INFO = INCLUDE_SOURCE;
				MTL_FAST_MATH = YES;
				ONLY_ACTIVE_ARCH = YES;
				SDKROOT = iphoneos;
				SWIFT_ACTIVE_COMPILATION_CONDITIONS = DEBUG;
				SWIFT_OPTIMIZATION_LEVEL = "-Onone";
			};
			name = Debug;
		};
		CE89AC09285BC67400F68C37 /* Release */ = {
			isa = XCBuildConfiguration;
			buildSettings = {
				ALWAYS_SEARCH_USER_PATHS = NO;
				CLANG_ANALYZER_NONNULL = YES;
				CLANG_ANALYZER_NUMBER_OBJECT_CONVERSION = YES_AGGRESSIVE;
				CLANG_CXX_LANGUAGE_STANDARD = "gnu++14";
				CLANG_CXX_LIBRARY = "libc++";
				CLANG_ENABLE_MODULES = YES;
				CLANG_ENABLE_OBJC_ARC = YES;
				CLANG_ENABLE_OBJC_WEAK = YES;
				CLANG_WARN_BLOCK_CAPTURE_AUTORELEASING = YES;
				CLANG_WARN_BOOL_CONVERSION = YES;
				CLANG_WARN_COMMA = YES;
				CLANG_WARN_CONSTANT_CONVERSION = YES;
				CLANG_WARN_DEPRECATED_OBJC_IMPLEMENTATIONS = YES;
				CLANG_WARN_DIRECT_OBJC_ISA_USAGE = YES_ERROR;
				CLANG_WARN_DOCUMENTATION_COMMENTS = YES;
				CLANG_WARN_EMPTY_BODY = YES;
				CLANG_WARN_ENUM_CONVERSION = YES;
				CLANG_WARN_INFINITE_RECURSION = YES;
				CLANG_WARN_INT_CONVERSION = YES;
				CLANG_WARN_NON_LITERAL_NULL_CONVERSION = YES;
				CLANG_WARN_OBJC_IMPLICIT_RETAIN_SELF = YES;
				CLANG_WARN_OBJC_LITERAL_CONVERSION = YES;
				CLANG_WARN_OBJC_ROOT_CLASS = YES_ERROR;
				CLANG_WARN_QUOTED_INCLUDE_IN_FRAMEWORK_HEADER = YES;
				CLANG_WARN_RANGE_LOOP_ANALYSIS = YES;
				CLANG_WARN_STRICT_PROTOTYPES = YES;
				CLANG_WARN_SUSPICIOUS_MOVE = YES;
				CLANG_WARN_UNGUARDED_AVAILABILITY = YES_AGGRESSIVE;
				CLANG_WARN_UNREACHABLE_CODE = YES;
				CLANG_WARN__DUPLICATE_METHOD_MATCH = YES;
				COPY_PHASE_STRIP = NO;
				DEBUG_INFORMATION_FORMAT = "dwarf-with-dsym";
				ENABLE_NS_ASSERTIONS = NO;
				ENABLE_STRICT_OBJC_MSGSEND = YES;
				GCC_C_LANGUAGE_STANDARD = gnu11;
				GCC_NO_COMMON_BLOCKS = YES;
				GCC_WARN_64_TO_32_BIT_CONVERSION = YES;
				GCC_WARN_ABOUT_RETURN_TYPE = YES_ERROR;
				GCC_WARN_UNDECLARED_SELECTOR = YES;
				GCC_WARN_UNINITIALIZED_AUTOS = YES_AGGRESSIVE;
				GCC_WARN_UNUSED_FUNCTION = YES;
				GCC_WARN_UNUSED_VARIABLE = YES;
				IPHONEOS_DEPLOYMENT_TARGET = 14.5;
				MTL_ENABLE_DEBUG_INFO = NO;
				MTL_FAST_MATH = YES;
				SDKROOT = iphoneos;
				SWIFT_COMPILATION_MODE = wholemodule;
				SWIFT_OPTIMIZATION_LEVEL = "-O";
				VALIDATE_PRODUCT = YES;
			};
			name = Release;
		};
		CE89AC0B285BC67400F68C37 /* Debug */ = {
			isa = XCBuildConfiguration;
			buildSettings = {
				ASSETCATALOG_COMPILER_APPICON_NAME = AppIcon;
				ASSETCATALOG_COMPILER_GLOBAL_ACCENT_COLOR_NAME = AccentColor;
				CODE_SIGN_STYLE = Automatic;
				INFOPLIST_FILE = 1/Info.plist;
				LD_RUNPATH_SEARCH_PATHS = (
					"$(inherited)",
					"@executable_path/Frameworks",
				);
				PRODUCT_BUNDLE_IDENTIFIER = "TfT.-";
				PRODUCT_NAME = "$(TARGET_NAME)";
				SWIFT_VERSION = 5.0;
				TARGETED_DEVICE_FAMILY = "1,2";
			};
			name = Debug;
		};
		CE89AC0C285BC67400F68C37 /* Release */ = {
			isa = XCBuildConfiguration;
			buildSettings = {
				ASSETCATALOG_COMPILER_APPICON_NAME = AppIcon;
				ASSETCATALOG_COMPILER_GLOBAL_ACCENT_COLOR_NAME = AccentColor;
				CODE_SIGN_STYLE = Automatic;
				INFOPLIST_FILE = 1/Info.plist;
				LD_RUNPATH_SEARCH_PATHS = (
					"$(inherited)",
					"@executable_path/Frameworks",
				);
				PRODUCT_BUNDLE_IDENTIFIER = "TfT.-";
				PRODUCT_NAME = "$(TARGET_NAME)";
				SWIFT_VERSION = 5.0;
				TARGETED_DEVICE_FAMILY = "1,2";
			};
			name = Release;
		};
/* End XCBuildConfiguration section */

/* Begin XCConfigurationList section */
		CE89ABEE285BC67100F68C37 /* Build configuration list for PBXProject "1" */ = {
			isa = XCConfigurationList;
			buildConfigurations = (
				CE89AC08285BC67400F68C37 /* Debug */,
				CE89AC09285BC67400F68C37 /* Release */,
			);
			defaultConfigurationIsVisible = 0;
			defaultConfigurationName = Release;
		};
		CE89AC0A285BC67400F68C37 /* Build configuration list for PBXNativeTarget "1" */ = {
			isa = XCConfigurationList;
			buildConfigurations = (
				CE89AC0B285BC67400F68C37 /* Debug */,
				CE89AC0C285BC67400F68C37 /* Release */,
			);
			defaultConfigurationIsVisible = 0;
			defaultConfigurationName = Release;
		};
/* End XCConfigurationList section */

/* Begin XCVersionGroup section */
		CE89ABFF285BC67100F68C37 /* _.xcdatamodeld */ = {
			isa = XCVersionGroup;
			children = (
				CE89AC00285BC67100F68C37 /* _.xcdatamodel */,
			);
			currentVersion = CE89AC00285BC67100F68C37 /* _.xcdatamodel */;
			path = _.xcdatamodeld;
			sourceTree = "<group>";
			versionGroupType = wrapper.xcdatamodel;
		};
/* End XCVersionGroup section */
	};
	rootObject = CE89ABEB285BC67100F68C37 /* Project object */;
}
