// !$*UTF8*$!
{
	archiveVersion = 1;
	classes = {
	};
	objectVersion = 50;
	objects = {

/* Begin PBXBuildFile section */
		CE3623C3285A6116007FAA3B /* trash.swift in Sources */ = {isa = PBXBuildFile; fileRef = CE3623C2285A6116007FAA3B /* trash.swift */; };
		CE3623C8285A693C007FAA3B /* RegistrationStoryboard.storyboard in Resources */ = {isa = PBXBuildFile; fileRef = CE3623C7285A693C007FAA3B /* RegistrationStoryboard.storyboard */; };
		CE3623CA285A6984007FAA3B /* RegistrationVC.swift in Sources */ = {isa = PBXBuildFile; fileRef = CE3623C9285A6984007FAA3B /* RegistrationVC.swift */; };
		CE3623D0285A70FA007FAA3B /* FaceTabBarController.swift in Sources */ = {isa = PBXBuildFile; fileRef = CE3623CF285A70FA007FAA3B /* FaceTabBarController.swift */; };
		CE429FFE285DB8BA00366F9F /* SettingsStoryboard.storyboard in Resources */ = {isa = PBXBuildFile; fileRef = CE429FFD285DB8BA00366F9F /* SettingsStoryboard.storyboard */; };
		CE42A000285DB8E200366F9F /* SettingsVCTV.swift in Sources */ = {isa = PBXBuildFile; fileRef = CE429FFF285DB8E200366F9F /* SettingsVCTV.swift */; };
		CE42A003285DE79A00366F9F /* FriendTableViewCell.swift in Sources */ = {isa = PBXBuildFile; fileRef = CE42A001285DE79A00366F9F /* FriendTableViewCell.swift */; };
		CE42A004285DE79A00366F9F /* FriendCell.xib in Resources */ = {isa = PBXBuildFile; fileRef = CE42A002285DE79A00366F9F /* FriendCell.xib */; };
		CE48A407285A481500D98D3E /* AppDelegate.swift in Sources */ = {isa = PBXBuildFile; fileRef = CE48A406285A481500D98D3E /* AppDelegate.swift */; };
		CE48A409285A481500D98D3E /* SceneDelegate.swift in Sources */ = {isa = PBXBuildFile; fileRef = CE48A408285A481500D98D3E /* SceneDelegate.swift */; };
		CE48A40B285A481500D98D3E /* EnterUAppVC.swift in Sources */ = {isa = PBXBuildFile; fileRef = CE48A40A285A481500D98D3E /* EnterUAppVC.swift */; };
		CE48A40E285A481500D98D3E /* Main.storyboard in Resources */ = {isa = PBXBuildFile; fileRef = CE48A40C285A481500D98D3E /* Main.storyboard */; };
		CE48A411285A481500D98D3E /* CourseSecondLessonOne.xcdatamodeld in Sources */ = {isa = PBXBuildFile; fileRef = CE48A40F285A481500D98D3E /* CourseSecondLessonOne.xcdatamodeld */; };
		CE48A413285A481600D98D3E /* Assets.xcassets in Resources */ = {isa = PBXBuildFile; fileRef = CE48A412285A481600D98D3E /* Assets.xcassets */; };
		CE48A416285A481600D98D3E /* LaunchScreen.storyboard in Resources */ = {isa = PBXBuildFile; fileRef = CE48A414285A481600D98D3E /* LaunchScreen.storyboard */; };
		CE48A41E285A521B00D98D3E /* Constant.swift in Sources */ = {isa = PBXBuildFile; fileRef = CE48A41D285A521B00D98D3E /* Constant.swift */; };
		CE4A9668286901A700B83A4A /* MyCollectionController.swift in Sources */ = {isa = PBXBuildFile; fileRef = CE4A9667286901A700B83A4A /* MyCollectionController.swift */; };
		CE4A966A286E423000B83A4A /* Friend.swift in Sources */ = {isa = PBXBuildFile; fileRef = CE4A9669286E423000B83A4A /* Friend.swift */; };
		CE4A966D286E61A000B83A4A /* EnterUAppVCExtention.swift in Sources */ = {isa = PBXBuildFile; fileRef = CE4A966C286E61A000B83A4A /* EnterUAppVCExtention.swift */; };
		CE4A966F286E630000B83A4A /* MyCollectionController.storyboard in Resources */ = {isa = PBXBuildFile; fileRef = CE4A966E286E630000B83A4A /* MyCollectionController.storyboard */; };
		CE4A9671286E637600B83A4A /* TabBarFace.storyboard in Resources */ = {isa = PBXBuildFile; fileRef = CE4A9670286E637600B83A4A /* TabBarFace.storyboard */; };
		CE4A9674286E64EF00B83A4A /* User.swift in Sources */ = {isa = PBXBuildFile; fileRef = CE4A9673286E64EF00B83A4A /* User.swift */; };
		CE4A967A286E6C2700B83A4A /* MaybeFriensCollectionViewCell.swift in Sources */ = {isa = PBXBuildFile; fileRef = CE4A9679286E6C2700B83A4A /* MaybeFriensCollectionViewCell.swift */; };
		CE4A967C286E6C4800B83A4A /* RecomendationGroupsCollectionViewCell.swift in Sources */ = {isa = PBXBuildFile; fileRef = CE4A967B286E6C4800B83A4A /* RecomendationGroupsCollectionViewCell.swift */; };
		CE4A967F286E707B00B83A4A /* MaybeFriendsCollectionView.swift in Sources */ = {isa = PBXBuildFile; fileRef = CE4A967E286E707B00B83A4A /* MaybeFriendsCollectionView.swift */; };
		CE4A9681286E7FC800B83A4A /* RecomendationGroupsCollectionView.swift in Sources */ = {isa = PBXBuildFile; fileRef = CE4A9680286E7FC800B83A4A /* RecomendationGroupsCollectionView.swift */; };
/* End PBXBuildFile section */

/* Begin PBXFileReference section */
		CE3623C2285A6116007FAA3B /* trash.swift */ = {isa = PBXFileReference; lastKnownFileType = sourcecode.swift; path = trash.swift; sourceTree = "<group>"; };
		CE3623C7285A693C007FAA3B /* RegistrationStoryboard.storyboard */ = {isa = PBXFileReference; lastKnownFileType = file.storyboard; path = RegistrationStoryboard.storyboard; sourceTree = "<group>"; };
		CE3623C9285A6984007FAA3B /* RegistrationVC.swift */ = {isa = PBXFileReference; lastKnownFileType = sourcecode.swift; path = RegistrationVC.swift; sourceTree = "<group>"; };
		CE3623CF285A70FA007FAA3B /* FaceTabBarController.swift */ = {isa = PBXFileReference; lastKnownFileType = sourcecode.swift; path = FaceTabBarController.swift; sourceTree = "<group>"; };
		CE429FFD285DB8BA00366F9F /* SettingsStoryboard.storyboard */ = {isa = PBXFileReference; lastKnownFileType = file.storyboard; path = SettingsStoryboard.storyboard; sourceTree = "<group>"; };
		CE429FFF285DB8E200366F9F /* SettingsVCTV.swift */ = {isa = PBXFileReference; lastKnownFileType = sourcecode.swift; path = SettingsVCTV.swift; sourceTree = "<group>"; };
		CE42A001285DE79A00366F9F /* FriendTableViewCell.swift */ = {isa = PBXFileReference; lastKnownFileType = sourcecode.swift; path = FriendTableViewCell.swift; sourceTree = "<group>"; };
		CE42A002285DE79A00366F9F /* FriendCell.xib */ = {isa = PBXFileReference; lastKnownFileType = file.xib; path = FriendCell.xib; sourceTree = "<group>"; };
		CE48A403285A481500D98D3E /* CourseSecondLessonOne.app */ = {isa = PBXFileReference; explicitFileType = wrapper.application; includeInIndex = 0; path = CourseSecondLessonOne.app; sourceTree = BUILT_PRODUCTS_DIR; };
		CE48A406285A481500D98D3E /* AppDelegate.swift */ = {isa = PBXFileReference; lastKnownFileType = sourcecode.swift; path = AppDelegate.swift; sourceTree = "<group>"; };
		CE48A408285A481500D98D3E /* SceneDelegate.swift */ = {isa = PBXFileReference; lastKnownFileType = sourcecode.swift; path = SceneDelegate.swift; sourceTree = "<group>"; };
		CE48A40A285A481500D98D3E /* EnterUAppVC.swift */ = {isa = PBXFileReference; lastKnownFileType = sourcecode.swift; path = EnterUAppVC.swift; sourceTree = "<group>"; };
		CE48A40D285A481500D98D3E /* Base */ = {isa = PBXFileReference; lastKnownFileType = file.storyboard; name = Base; path = Base.lproj/Main.storyboard; sourceTree = "<group>"; };
		CE48A410285A481500D98D3E /* CourseSecondLessonOne.xcdatamodel */ = {isa = PBXFileReference; lastKnownFileType = wrapper.xcdatamodel; path = CourseSecondLessonOne.xcdatamodel; sourceTree = "<group>"; };
		CE48A412285A481600D98D3E /* Assets.xcassets */ = {isa = PBXFileReference; lastKnownFileType = folder.assetcatalog; path = Assets.xcassets; sourceTree = "<group>"; };
		CE48A415285A481600D98D3E /* Base */ = {isa = PBXFileReference; lastKnownFileType = file.storyboard; name = Base; path = Base.lproj/LaunchScreen.storyboard; sourceTree = "<group>"; };
		CE48A417285A481600D98D3E /* Info.plist */ = {isa = PBXFileReference; lastKnownFileType = text.plist.xml; path = Info.plist; sourceTree = "<group>"; };
		CE48A41D285A521B00D98D3E /* Constant.swift */ = {isa = PBXFileReference; lastKnownFileType = sourcecode.swift; path = Constant.swift; sourceTree = "<group>"; };
		CE4A9667286901A700B83A4A /* MyCollectionController.swift */ = {isa = PBXFileReference; lastKnownFileType = sourcecode.swift; path = MyCollectionController.swift; sourceTree = "<group>"; };
		CE4A9669286E423000B83A4A /* Friend.swift */ = {isa = PBXFileReference; lastKnownFileType = sourcecode.swift; path = Friend.swift; sourceTree = "<group>"; };
		CE4A966C286E61A000B83A4A /* EnterUAppVCExtention.swift */ = {isa = PBXFileReference; lastKnownFileType = sourcecode.swift; path = EnterUAppVCExtention.swift; sourceTree = "<group>"; };
		CE4A966E286E630000B83A4A /* MyCollectionController.storyboard */ = {isa = PBXFileReference; lastKnownFileType = file.storyboard; path = MyCollectionController.storyboard; sourceTree = "<group>"; };
		CE4A9670286E637600B83A4A /* TabBarFace.storyboard */ = {isa = PBXFileReference; lastKnownFileType = file.storyboard; path = TabBarFace.storyboard; sourceTree = "<group>"; };
		CE4A9673286E64EF00B83A4A /* User.swift */ = {isa = PBXFileReference; lastKnownFileType = sourcecode.swift; path = User.swift; sourceTree = "<group>"; };
		CE4A9679286E6C2700B83A4A /* MaybeFriensCollectionViewCell.swift */ = {isa = PBXFileReference; lastKnownFileType = sourcecode.swift; path = MaybeFriensCollectionViewCell.swift; sourceTree = "<group>"; };
		CE4A967B286E6C4800B83A4A /* RecomendationGroupsCollectionViewCell.swift */ = {isa = PBXFileReference; lastKnownFileType = sourcecode.swift; path = RecomendationGroupsCollectionViewCell.swift; sourceTree = "<group>"; };
		CE4A967E286E707B00B83A4A /* MaybeFriendsCollectionView.swift */ = {isa = PBXFileReference; lastKnownFileType = sourcecode.swift; path = MaybeFriendsCollectionView.swift; sourceTree = "<group>"; };
		CE4A9680286E7FC800B83A4A /* RecomendationGroupsCollectionView.swift */ = {isa = PBXFileReference; lastKnownFileType = sourcecode.swift; path = RecomendationGroupsCollectionView.swift; sourceTree = "<group>"; };
/* End PBXFileReference section */

/* Begin PBXFrameworksBuildPhase section */
		CE48A400285A481400D98D3E /* Frameworks */ = {
			isa = PBXFrameworksBuildPhase;
			buildActionMask = 2147483647;
			files = (
			);
			runOnlyForDeploymentPostprocessing = 0;
		};
/* End PBXFrameworksBuildPhase section */

/* Begin PBXGroup section */
		CE3623C4285A68B6007FAA3B /* Resources */ = {
			isa = PBXGroup;
			children = (
				CE48A412285A481600D98D3E /* Assets.xcassets */,
				CE48A41D285A521B00D98D3E /* Constant.swift */,
				CE3623C2285A6116007FAA3B /* trash.swift */,
			);
			name = Resources;
			sourceTree = "<group>";
		};
		CE3623C5285A68CC007FAA3B /* EnterRegistration */ = {
			isa = PBXGroup;
			children = (
				CE3623CB285A69B9007FAA3B /* Main */,
			);
			path = EnterRegistration;
			sourceTree = "<group>";
		};
		CE3623C6285A68DF007FAA3B /* Registration */ = {
			isa = PBXGroup;
			children = (
				CE3623C7285A693C007FAA3B /* RegistrationStoryboard.storyboard */,
				CE3623C9285A6984007FAA3B /* RegistrationVC.swift */,
			);
			name = Registration;
			sourceTree = "<group>";
		};
		CE3623CB285A69B9007FAA3B /* Main */ = {
			isa = PBXGroup;
			children = (
				CE4A9672286E64DF00B83A4A /* Model */,
				CE429FFC285DB89F00366F9F /* ContentApp */,
				CE48A40C285A481500D98D3E /* Main.storyboard */,
				CE48A40A285A481500D98D3E /* EnterUAppVC.swift */,
				CE4A966C286E61A000B83A4A /* EnterUAppVCExtention.swift */,
			);
			path = Main;
			sourceTree = "<group>";
		};
		CE3623CC285A70BA007FAA3B /* TabBarApp */ = {
			isa = PBXGroup;
			children = (
				CE42A006285DE7BB00366F9F /* Friend */,
				CE4A96662869018000B83A4A /* CollectionView */,
				CE3623CF285A70FA007FAA3B /* FaceTabBarController.swift */,
				CE4A9670286E637600B83A4A /* TabBarFace.storyboard */,
			);
			name = TabBarApp;
			sourceTree = "<group>";
		};
		CE429FFB285DB4A900366F9F /* other */ = {
			isa = PBXGroup;
			children = (
				CE48A408285A481500D98D3E /* SceneDelegate.swift */,
				CE48A406285A481500D98D3E /* AppDelegate.swift */,
				CE48A40F285A481500D98D3E /* CourseSecondLessonOne.xcdatamodeld */,
				CE48A417285A481600D98D3E /* Info.plist */,
				CE48A414285A481600D98D3E /* LaunchScreen.storyboard */,
			);
			name = other;
			sourceTree = "<group>";
		};
		CE429FFC285DB89F00366F9F /* ContentApp */ = {
			isa = PBXGroup;
			children = (
				CE3623CC285A70BA007FAA3B /* TabBarApp */,
				CE3623C6285A68DF007FAA3B /* Registration */,
			);
			name = ContentApp;
			path = ..;
			sourceTree = "<group>";
		};
		CE42A005285DE7A700366F9F /* Cell */ = {
			isa = PBXGroup;
			children = (
				CE42A002285DE79A00366F9F /* FriendCell.xib */,
				CE42A001285DE79A00366F9F /* FriendTableViewCell.swift */,
			);
			name = Cell;
			sourceTree = "<group>";
		};
		CE42A006285DE7BB00366F9F /* Friend */ = {
			isa = PBXGroup;
			children = (
				CE4A9675286E66D600B83A4A /* Model */,
				CE429FFF285DB8E200366F9F /* SettingsVCTV.swift */,
				CE429FFD285DB8BA00366F9F /* SettingsStoryboard.storyboard */,
				CE42A005285DE7A700366F9F /* Cell */,
			);
			name = Friend;
			path = Cell;
			sourceTree = "<group>";
		};
		CE48A3FA285A481400D98D3E = {
			isa = PBXGroup;
			children = (
				CE48A405285A481500D98D3E /* CourseSecondLessonOne */,
				CE48A404285A481500D98D3E /* Products */,
			);
			sourceTree = "<group>";
		};
		CE48A404285A481500D98D3E /* Products */ = {
			isa = PBXGroup;
			children = (
				CE48A403285A481500D98D3E /* CourseSecondLessonOne.app */,
			);
			name = Products;
			sourceTree = "<group>";
		};
		CE48A405285A481500D98D3E /* CourseSecondLessonOne */ = {
			isa = PBXGroup;
			children = (
				CE429FFB285DB4A900366F9F /* other */,
				CE3623C5285A68CC007FAA3B /* EnterRegistration */,
				CE3623C4285A68B6007FAA3B /* Resources */,
			);
			path = CourseSecondLessonOne;
			sourceTree = "<group>";
		};
		CE4A96662869018000B83A4A /* CollectionView */ = {
			isa = PBXGroup;
			children = (
				CE4A967D286E705800B83A4A /* CollectionView */,
				CE4A9676286E6BD200B83A4A /* Cell */,
				CE4A9667286901A700B83A4A /* MyCollectionController.swift */,
				CE4A966E286E630000B83A4A /* MyCollectionController.storyboard */,
			);
			name = CollectionView;
			sourceTree = "<group>";
		};
		CE4A9672286E64DF00B83A4A /* Model */ = {
			isa = PBXGroup;
			children = (
				CE4A9673286E64EF00B83A4A /* User.swift */,
			);
			path = Model;
			sourceTree = "<group>";
		};
		CE4A9675286E66D600B83A4A /* Model */ = {
			isa = PBXGroup;
			children = (
				CE4A9669286E423000B83A4A /* Friend.swift */,
			);
			name = Model;
			sourceTree = "<group>";
		};
		CE4A9676286E6BD200B83A4A /* Cell */ = {
			isa = PBXGroup;
			children = (
				CE4A9679286E6C2700B83A4A /* MaybeFriensCollectionViewCell.swift */,
				CE4A967B286E6C4800B83A4A /* RecomendationGroupsCollectionViewCell.swift */,
			);
			name = Cell;
			sourceTree = "<group>";
		};
		CE4A967D286E705800B83A4A /* CollectionView */ = {
			isa = PBXGroup;
			children = (
				CE4A967E286E707B00B83A4A /* MaybeFriendsCollectionView.swift */,
				CE4A9680286E7FC800B83A4A /* RecomendationGroupsCollectionView.swift */,
			);
			name = CollectionView;
			sourceTree = "<group>";
		};
/* End PBXGroup section */

/* Begin PBXNativeTarget section */
		CE48A402285A481400D98D3E /* CourseSecondLessonOne */ = {
			isa = PBXNativeTarget;
			buildConfigurationList = CE48A41A285A481600D98D3E /* Build configuration list for PBXNativeTarget "CourseSecondLessonOne" */;
			buildPhases = (
				CE48A3FF285A481400D98D3E /* Sources */,
				CE48A400285A481400D98D3E /* Frameworks */,
				CE48A401285A481400D98D3E /* Resources */,
			);
			buildRules = (
			);
			dependencies = (
			);
			name = CourseSecondLessonOne;
			productName = CourseSecondLessonOne;
			productReference = CE48A403285A481500D98D3E /* CourseSecondLessonOne.app */;
			productType = "com.apple.product-type.application";
		};
/* End PBXNativeTarget section */

/* Begin PBXProject section */
		CE48A3FB285A481400D98D3E /* Project object */ = {
			isa = PBXProject;
			attributes = {
				LastSwiftUpdateCheck = 1250;
				LastUpgradeCheck = 1250;
				TargetAttributes = {
					CE48A402285A481400D98D3E = {
						CreatedOnToolsVersion = 12.5.1;
					};
				};
			};
			buildConfigurationList = CE48A3FE285A481400D98D3E /* Build configuration list for PBXProject "CourseSecondLessonOne" */;
			compatibilityVersion = "Xcode 9.3";
			developmentRegion = en;
			hasScannedForEncodings = 0;
			knownRegions = (
				en,
				Base,
			);
			mainGroup = CE48A3FA285A481400D98D3E;
			productRefGroup = CE48A404285A481500D98D3E /* Products */;
			projectDirPath = "";
			projectRoot = "";
			targets = (
				CE48A402285A481400D98D3E /* CourseSecondLessonOne */,
			);
		};
/* End PBXProject section */

/* Begin PBXResourcesBuildPhase section */
		CE48A401285A481400D98D3E /* Resources */ = {
			isa = PBXResourcesBuildPhase;
			buildActionMask = 2147483647;
			files = (
				CE429FFE285DB8BA00366F9F /* SettingsStoryboard.storyboard in Resources */,
				CE4A966F286E630000B83A4A /* MyCollectionController.storyboard in Resources */,
				CE3623C8285A693C007FAA3B /* RegistrationStoryboard.storyboard in Resources */,
				CE42A004285DE79A00366F9F /* FriendCell.xib in Resources */,
				CE48A416285A481600D98D3E /* LaunchScreen.storyboard in Resources */,
				CE48A413285A481600D98D3E /* Assets.xcassets in Resources */,
				CE48A40E285A481500D98D3E /* Main.storyboard in Resources */,
				CE4A9671286E637600B83A4A /* TabBarFace.storyboard in Resources */,
			);
			runOnlyForDeploymentPostprocessing = 0;
		};
/* End PBXResourcesBuildPhase section */

/* Begin PBXSourcesBuildPhase section */
		CE48A3FF285A481400D98D3E /* Sources */ = {
			isa = PBXSourcesBuildPhase;
			buildActionMask = 2147483647;
			files = (
				CE3623D0285A70FA007FAA3B /* FaceTabBarController.swift in Sources */,
				CE4A967A286E6C2700B83A4A /* MaybeFriensCollectionViewCell.swift in Sources */,
				CE3623C3285A6116007FAA3B /* trash.swift in Sources */,
				CE48A40B285A481500D98D3E /* EnterUAppVC.swift in Sources */,
				CE4A967F286E707B00B83A4A /* MaybeFriendsCollectionView.swift in Sources */,
				CE4A966A286E423000B83A4A /* Friend.swift in Sources */,
				CE48A411285A481500D98D3E /* CourseSecondLessonOne.xcdatamodeld in Sources */,
				CE48A41E285A521B00D98D3E /* Constant.swift in Sources */,
				CE4A9674286E64EF00B83A4A /* User.swift in Sources */,
				CE48A407285A481500D98D3E /* AppDelegate.swift in Sources */,
				CE42A000285DB8E200366F9F /* SettingsVCTV.swift in Sources */,
				CE42A003285DE79A00366F9F /* FriendTableViewCell.swift in Sources */,
				CE3623CA285A6984007FAA3B /* RegistrationVC.swift in Sources */,
				CE4A966D286E61A000B83A4A /* EnterUAppVCExtention.swift in Sources */,
				CE48A409285A481500D98D3E /* SceneDelegate.swift in Sources */,
				CE4A967C286E6C4800B83A4A /* RecomendationGroupsCollectionViewCell.swift in Sources */,
				CE4A9681286E7FC800B83A4A /* RecomendationGroupsCollectionView.swift in Sources */,
				CE4A9668286901A700B83A4A /* MyCollectionController.swift in Sources */,
			);
			runOnlyForDeploymentPostprocessing = 0;
		};
/* End PBXSourcesBuildPhase section */

/* Begin PBXVariantGroup section */
		CE48A40C285A481500D98D3E /* Main.storyboard */ = {
			isa = PBXVariantGroup;
			children = (
				CE48A40D285A481500D98D3E /* Base */,
			);
			name = Main.storyboard;
			sourceTree = "<group>";
		};
		CE48A414285A481600D98D3E /* LaunchScreen.storyboard */ = {
			isa = PBXVariantGroup;
			children = (
				CE48A415285A481600D98D3E /* Base */,
			);
			name = LaunchScreen.storyboard;
			sourceTree = "<group>";
		};
/* End PBXVariantGroup section */

/* Begin XCBuildConfiguration section */
		CE48A418285A481600D98D3E /* Debug */ = {
			isa = XCBuildConfiguration;
			buildSettings = {
				ALWAYS_SEARCH_USER_PATHS = NO;
				CLANG_ANALYZER_NONNULL = YES;
				CLANG_ANALYZER_NUMBER_OBJECT_CONVERSION = YES_AGGRESSIVE;
				CLANG_CXX_LANGUAGE_STANDARD = "gnu++14";
				CLANG_CXX_LIBRARY = "libc++";
				CLANG_ENABLE_MODULES = YES;
				CLANG_ENABLE_OBJC_ARC = YES;
				CLANG_ENABLE_OBJC_WEAK = YES;
				CLANG_WARN_BLOCK_CAPTURE_AUTORELEASING = YES;
				CLANG_WARN_BOOL_CONVERSION = YES;
				CLANG_WARN_COMMA = YES;
				CLANG_WARN_CONSTANT_CONVERSION = YES;
				CLANG_WARN_DEPRECATED_OBJC_IMPLEMENTATIONS = YES;
				CLANG_WARN_DIRECT_OBJC_ISA_USAGE = YES_ERROR;
				CLANG_WARN_DOCUMENTATION_COMMENTS = YES;
				CLANG_WARN_EMPTY_BODY = YES;
				CLANG_WARN_ENUM_CONVERSION = YES;
				CLANG_WARN_INFINITE_RECURSION = YES;
				CLANG_WARN_INT_CONVERSION = YES;
				CLANG_WARN_NON_LITERAL_NULL_CONVERSION = YES;
				CLANG_WARN_OBJC_IMPLICIT_RETAIN_SELF = YES;
				CLANG_WARN_OBJC_LITERAL_CONVERSION = YES;
				CLANG_WARN_OBJC_ROOT_CLASS = YES_ERROR;
				CLANG_WARN_QUOTED_INCLUDE_IN_FRAMEWORK_HEADER = YES;
				CLANG_WARN_RANGE_LOOP_ANALYSIS = YES;
				CLANG_WARN_STRICT_PROTOTYPES = YES;
				CLANG_WARN_SUSPICIOUS_MOVE = YES;
				CLANG_WARN_UNGUARDED_AVAILABILITY = YES_AGGRESSIVE;
				CLANG_WARN_UNREACHABLE_CODE = YES;
				CLANG_WARN__DUPLICATE_METHOD_MATCH = YES;
				COPY_PHASE_STRIP = NO;
				DEBUG_INFORMATION_FORMAT = dwarf;
				ENABLE_STRICT_OBJC_MSGSEND = YES;
				ENABLE_TESTABILITY = YES;
				GCC_C_LANGUAGE_STANDARD = gnu11;
				GCC_DYNAMIC_NO_PIC = NO;
				GCC_NO_COMMON_BLOCKS = YES;
				GCC_OPTIMIZATION_LEVEL = 0;
				GCC_PREPROCESSOR_DEFINITIONS = (
					"DEBUG=1",
					"$(inherited)",
				);
				GCC_WARN_64_TO_32_BIT_CONVERSION = YES;
				GCC_WARN_ABOUT_RETURN_TYPE = YES_ERROR;
				GCC_WARN_UNDECLARED_SELECTOR = YES;
				GCC_WARN_UNINITIALIZED_AUTOS = YES_AGGRESSIVE;
				GCC_WARN_UNUSED_FUNCTION = YES;
				GCC_WARN_UNUSED_VARIABLE = YES;
				IPHONEOS_DEPLOYMENT_TARGET = 14.5;
				MTL_ENABLE_DEBUG_INFO = INCLUDE_SOURCE;
				MTL_FAST_MATH = YES;
				ONLY_ACTIVE_ARCH = YES;
				SDKROOT = iphoneos;
				SWIFT_ACTIVE_COMPILATION_CONDITIONS = DEBUG;
				SWIFT_OPTIMIZATION_LEVEL = "-Onone";
			};
			name = Debug;
		};
		CE48A419285A481600D98D3E /* Release */ = {
			isa = XCBuildConfiguration;
			buildSettings = {
				ALWAYS_SEARCH_USER_PATHS = NO;
				CLANG_ANALYZER_NONNULL = YES;
				CLANG_ANALYZER_NUMBER_OBJECT_CONVERSION = YES_AGGRESSIVE;
				CLANG_CXX_LANGUAGE_STANDARD = "gnu++14";
				CLANG_CXX_LIBRARY = "libc++";
				CLANG_ENABLE_MODULES = YES;
				CLANG_ENABLE_OBJC_ARC = YES;
				CLANG_ENABLE_OBJC_WEAK = YES;
				CLANG_WARN_BLOCK_CAPTURE_AUTORELEASING = YES;
				CLANG_WARN_BOOL_CONVERSION = YES;
				CLANG_WARN_COMMA = YES;
				CLANG_WARN_CONSTANT_CONVERSION = YES;
				CLANG_WARN_DEPRECATED_OBJC_IMPLEMENTATIONS = YES;
				CLANG_WARN_DIRECT_OBJC_ISA_USAGE = YES_ERROR;
				CLANG_WARN_DOCUMENTATION_COMMENTS = YES;
				CLANG_WARN_EMPTY_BODY = YES;
				CLANG_WARN_ENUM_CONVERSION = YES;
				CLANG_WARN_INFINITE_RECURSION = YES;
				CLANG_WARN_INT_CONVERSION = YES;
				CLANG_WARN_NON_LITERAL_NULL_CONVERSION = YES;
				CLANG_WARN_OBJC_IMPLICIT_RETAIN_SELF = YES;
				CLANG_WARN_OBJC_LITERAL_CONVERSION = YES;
				CLANG_WARN_OBJC_ROOT_CLASS = YES_ERROR;
				CLANG_WARN_QUOTED_INCLUDE_IN_FRAMEWORK_HEADER = YES;
				CLANG_WARN_RANGE_LOOP_ANALYSIS = YES;
				CLANG_WARN_STRICT_PROTOTYPES = YES;
				CLANG_WARN_SUSPICIOUS_MOVE = YES;
				CLANG_WARN_UNGUARDED_AVAILABILITY = YES_AGGRESSIVE;
				CLANG_WARN_UNREACHABLE_CODE = YES;
				CLANG_WARN__DUPLICATE_METHOD_MATCH = YES;
				COPY_PHASE_STRIP = NO;
				DEBUG_INFORMATION_FORMAT = "dwarf-with-dsym";
				ENABLE_NS_ASSERTIONS = NO;
				ENABLE_STRICT_OBJC_MSGSEND = YES;
				GCC_C_LANGUAGE_STANDARD = gnu11;
				GCC_NO_COMMON_BLOCKS = YES;
				GCC_WARN_64_TO_32_BIT_CONVERSION = YES;
				GCC_WARN_ABOUT_RETURN_TYPE = YES_ERROR;
				GCC_WARN_UNDECLARED_SELECTOR = YES;
				GCC_WARN_UNINITIALIZED_AUTOS = YES_AGGRESSIVE;
				GCC_WARN_UNUSED_FUNCTION = YES;
				GCC_WARN_UNUSED_VARIABLE = YES;
				IPHONEOS_DEPLOYMENT_TARGET = 14.5;
				MTL_ENABLE_DEBUG_INFO = NO;
				MTL_FAST_MATH = YES;
				SDKROOT = iphoneos;
				SWIFT_COMPILATION_MODE = wholemodule;
				SWIFT_OPTIMIZATION_LEVEL = "-O";
				VALIDATE_PRODUCT = YES;
			};
			name = Release;
		};
		CE48A41B285A481600D98D3E /* Debug */ = {
			isa = XCBuildConfiguration;
			buildSettings = {
				ASSETCATALOG_COMPILER_APPICON_NAME = AppIcon;
				ASSETCATALOG_COMPILER_GLOBAL_ACCENT_COLOR_NAME = AccentColor;
				CODE_SIGN_STYLE = Automatic;
				INFOPLIST_FILE = CourseSecondLessonOne/Info.plist;
				LD_RUNPATH_SEARCH_PATHS = (
					"$(inherited)",
					"@executable_path/Frameworks",
				);
				PRODUCT_BUNDLE_IDENTIFIER = TfT.CourseSecondLessonOne;
				PRODUCT_NAME = "$(TARGET_NAME)";
				SWIFT_VERSION = 5.0;
				TARGETED_DEVICE_FAMILY = "1,2";
			};
			name = Debug;
		};
		CE48A41C285A481600D98D3E /* Release */ = {
			isa = XCBuildConfiguration;
			buildSettings = {
				ASSETCATALOG_COMPILER_APPICON_NAME = AppIcon;
				ASSETCATALOG_COMPILER_GLOBAL_ACCENT_COLOR_NAME = AccentColor;
				CODE_SIGN_STYLE = Automatic;
				INFOPLIST_FILE = CourseSecondLessonOne/Info.plist;
				LD_RUNPATH_SEARCH_PATHS = (
					"$(inherited)",
					"@executable_path/Frameworks",
				);
				PRODUCT_BUNDLE_IDENTIFIER = TfT.CourseSecondLessonOne;
				PRODUCT_NAME = "$(TARGET_NAME)";
				SWIFT_VERSION = 5.0;
				TARGETED_DEVICE_FAMILY = "1,2";
			};
			name = Release;
		};
/* End XCBuildConfiguration section */

/* Begin XCConfigurationList section */
		CE48A3FE285A481400D98D3E /* Build configuration list for PBXProject "CourseSecondLessonOne" */ = {
			isa = XCConfigurationList;
			buildConfigurations = (
				CE48A418285A481600D98D3E /* Debug */,
				CE48A419285A481600D98D3E /* Release */,
			);
			defaultConfigurationIsVisible = 0;
			defaultConfigurationName = Release;
		};
		CE48A41A285A481600D98D3E /* Build configuration list for PBXNativeTarget "CourseSecondLessonOne" */ = {
			isa = XCConfigurationList;
			buildConfigurations = (
				CE48A41B285A481600D98D3E /* Debug */,
				CE48A41C285A481600D98D3E /* Release */,
			);
			defaultConfigurationIsVisible = 0;
			defaultConfigurationName = Release;
		};
/* End XCConfigurationList section */

/* Begin XCVersionGroup section */
		CE48A40F285A481500D98D3E /* CourseSecondLessonOne.xcdatamodeld */ = {
			isa = XCVersionGroup;
			children = (
				CE48A410285A481500D98D3E /* CourseSecondLessonOne.xcdatamodel */,
			);
			currentVersion = CE48A410285A481500D98D3E /* CourseSecondLessonOne.xcdatamodel */;
			path = CourseSecondLessonOne.xcdatamodeld;
			sourceTree = "<group>";
			versionGroupType = wrapper.xcdatamodel;
		};
/* End XCVersionGroup section */
	};
	rootObject = CE48A3FB285A481400D98D3E /* Project object */;
}
